PATH
  remote: .
  specs:
    robust_server_socket (0.3.3)
      hiredis
      rake
      redis
      rspec

GEM
  remote: https://rubygems.org/
  specs:
    base64 (0.3.0)
    coderay (1.1.3)
    connection_pool (2.5.5)
    diff-lcs (1.6.2)
    hiredis (0.6.3)
    io-console (0.8.2)
    method_source (1.1.0)
    pry (0.16.0)
      coderay (~> 1.1)
      method_source (~> 1.0)
      reline (>= 0.6.0)
    rake (13.3.1)
    redis (4.8.1)
    reline (0.6.3)
      io-console (~> 0.5)
    rspec (3.13.2)
      rspec-core (~> 3.13.0)
      rspec-expectations (~> 3.13.0)
      rspec-mocks (~> 3.13.0)
    rspec-core (3.13.6)
      rspec-support (~> 3.13.0)
    rspec-expectations (3.13.5)
      diff-lcs (>= 1.2.0, < 2.0)
      rspec-support (~> 3.13.0)
    rspec-mocks (3.13.7)
      diff-lcs (>= 1.2.0, < 2.0)
      rspec-support (~> 3.13.0)
    rspec-support (3.13.7)
    rspec_junit_formatter (0.6.0)
      rspec-core (>= 2, < 4, != 2.12.0)

PLATFORMS
  x86_64-linux

DEPENDENCIES
  base64
  connection_pool (~> 2.2)
  pry
  redis (~> 4.0)
  robust_server_socket!
  rspec
  rspec_junit_formatter

BUNDLED WITH
  4.0.5
